Microsoft Visual Studio Solution File, Format Version 12.00
# Visual Studio Version 17
VisualStudioVersion = 17.5.2.0
MinimumVisualStudioVersion = 10.0.40219.1
Project("{FAE04EC0-301F-11D3-BF4B-00C04F79EFBC}") = "NZWalksV2.API", "NZWalksV2.API\NZWalksV2.API.csproj", "{48CE11B6-AC3E-28AA-06C4-A9FDCA8D00FF}"
EndProject
Global
	GlobalSection(SolutionConfigurationPlatforms) = preSolution
		Debug|Any CPU = Debug|Any CPU
		Release|Any CPU = Release|Any CPU
	EndGlobalSection
	GlobalSection(ProjectConfigurationPlatforms) = postSolution
		{48CE11B6-AC3E-28AA-06C4-A9FDCA8D00FF}.Debug|Any CPU.ActiveCfg = Debug|Any CPU
		{48CE11B6-AC3E-28AA-06C4-A9FDCA8D00FF}.Debug|Any CPU.Build.0 = Debug|Any CPU
		{48CE11B6-AC3E-28AA-06C4-A9FDCA8D00FF}.Release|Any CPU.ActiveCfg = Release|Any CPU
		{48CE11B6-AC3E-28AA-06C4-A9FDCA8D00FF}.Release|Any CPU.Build.0 = Release|Any CPU
	EndGlobalSection
	GlobalSection(SolutionProperties) = preSolution
		HideSolutionNode = FALSE
	EndGlobalSection
	GlobalSection(ExtensibilityGlobals) = postSolution
		SolutionGuid = {2E5A5676-C711-4270-AAE7-562803C597E7}
	EndGlobalSection
EndGlobal
